
Microsoft Visual Studio Solution File, Format Version 12.00
# Visual Studio 2012
Project("{FAE04EC0-301F-11D3-BF4B-00C04F79EFBC}") = "YLProgressBarBinding", "YLProgressBarBinding\YLProgressBarBinding.csproj", "{37E255F3-707B-4784-8C37-277C91F0A734}"
EndProject
Global
	GlobalSection(SolutionConfigurationPlatforms) = preSolution
		Debug|Any CPU = Debug|Any CPU
		Release|Any CPU = Release|Any CPU
	EndGlobalSection
	GlobalSection(ProjectConfigurationPlatforms) = postSolution
		{37E255F3-707B-4784-8C37-277C91F0A734}.Debug|Any CPU.ActiveCfg = Debug|Any CPU
		{37E255F3-707B-4784-8C37-277C91F0A734}.Debug|Any CPU.Build.0 = Debug|Any CPU
		{37E255F3-707B-4784-8C37-277C91F0A734}.Release|Any CPU.ActiveCfg = Release|Any CPU
		{37E255F3-707B-4784-8C37-277C91F0A734}.Release|Any CPU.Build.0 = Release|Any CPU
	EndGlobalSection
EndGlobal
